
Microsoft Visual Studio Solution File, Format Version 12.00
# Visual Studio 14
VisualStudioVersion = 14.0.23107.0
MinimumVisualStudioVersion = 10.0.40219.1
Project("{FAE04EC0-301F-11D3-BF4B-00C04F79EFBC}") = "GHWebAPI", "GHMontior\GHWebAPI.csproj", "{032FFC8A-682F-4887-A188-B2472F847FCD}"
EndProject
Project("{FAE04EC0-301F-11D3-BF4B-00C04F79EFBC}") = "GHServiceTester", "ServiceSimulator\GHServiceTester.csproj", "{D44DFC1A-B10B-46C0-8173-8C4B0E69AF4F}"
EndProject
Project("{FAE04EC0-301F-11D3-BF4B-00C04F79EFBC}") = "GHModel", "GHModel\GHModel.csproj", "{AF41B6FA-5C61-4D6C-91CC-FA38DC5ECC19}"
EndProject
Project("{FAE04EC0-301F-11D3-BF4B-00C04F79EFBC}") = "GHData", "GHData\GHData.csproj", "{97966241-C0DE-41CD-B133-CEA1E389234F}"
EndProject
Global
	GlobalSection(SolutionConfigurationPlatforms) = preSolution
		Debug|Any CPU = Debug|Any CPU
		Release|Any CPU = Release|Any CPU
	EndGlobalSection
	GlobalSection(ProjectConfigurationPlatforms) = postSolution
		{032FFC8A-682F-4887-A188-B2472F847FCD}.Debug|Any CPU.ActiveCfg = Debug|Any CPU
		{032FFC8A-682F-4887-A188-B2472F847FCD}.Debug|Any CPU.Build.0 = Debug|Any CPU
		{032FFC8A-682F-4887-A188-B2472F847FCD}.Release|Any CPU.ActiveCfg = Release|Any CPU
		{032FFC8A-682F-4887-A188-B2472F847FCD}.Release|Any CPU.Build.0 = Release|Any CPU
		{D44DFC1A-B10B-46C0-8173-8C4B0E69AF4F}.Debug|Any CPU.ActiveCfg = Debug|Any CPU
		{D44DFC1A-B10B-46C0-8173-8C4B0E69AF4F}.Debug|Any CPU.Build.0 = Debug|Any CPU
		{D44DFC1A-B10B-46C0-8173-8C4B0E69AF4F}.Release|Any CPU.ActiveCfg = Release|Any CPU
		{D44DFC1A-B10B-46C0-8173-8C4B0E69AF4F}.Release|Any CPU.Build.0 = Release|Any CPU
		{AF41B6FA-5C61-4D6C-91CC-FA38DC5ECC19}.Debug|Any CPU.ActiveCfg = Debug|Any CPU
		{AF41B6FA-5C61-4D6C-91CC-FA38DC5ECC19}.Debug|Any CPU.Build.0 = Debug|Any CPU
		{AF41B6FA-5C61-4D6C-91CC-FA38DC5ECC19}.Release|Any CPU.ActiveCfg = Release|Any CPU
		{AF41B6FA-5C61-4D6C-91CC-FA38DC5ECC19}.Release|Any CPU.Build.0 = Release|Any CPU
		{97966241-C0DE-41CD-B133-CEA1E389234F}.Debug|Any CPU.ActiveCfg = Debug|Any CPU
		{97966241-C0DE-41CD-B133-CEA1E389234F}.Debug|Any CPU.Build.0 = Debug|Any CPU
		{97966241-C0DE-41CD-B133-CEA1E389234F}.Release|Any CPU.ActiveCfg = Release|Any CPU
		{97966241-C0DE-41CD-B133-CEA1E389234F}.Release|Any CPU.Build.0 = Release|Any CPU
	EndGlobalSection
	GlobalSection(SolutionProperties) = preSolution
		HideSolutionNode = FALSE
	EndGlobalSection
EndGlobal
